
Microsoft Visual Studio Solution File, Format Version 12.00
# Visual Studio Version 16
VisualStudioVersion = 16.0.28803.202
MinimumVisualStudioVersion = 10.0.40219.1
Project("{FAE04EC0-301F-11D3-BF4B-00C04F79EFBC}") = "Selenium.UITestAutomation", "Selenium.UITestAutomation\Selenium.UITestAutomation.csproj", "{730150E8-EE0A-431B-A057-D6375900E620}"
EndProject
Global
	GlobalSection(SolutionConfigurationPlatforms) = preSolution
		Debug|Any CPU = Debug|Any CPU
		Release|Any CPU = Release|Any CPU
	EndGlobalSection
	GlobalSection(ProjectConfigurationPlatforms) = postSolution
		{730150E8-EE0A-431B-A057-D6375900E620}.Debug|Any CPU.ActiveCfg = Debug|Any CPU
		{730150E8-EE0A-431B-A057-D6375900E620}.Debug|Any CPU.Build.0 = Debug|Any CPU
		{730150E8-EE0A-431B-A057-D6375900E620}.Release|Any CPU.ActiveCfg = Release|Any CPU
		{730150E8-EE0A-431B-A057-D6375900E620}.Release|Any CPU.Build.0 = Release|Any CPU
	EndGlobalSection
	GlobalSection(SolutionProperties) = preSolution
		HideSolutionNode = FALSE
	EndGlobalSection
	GlobalSection(ExtensibilityGlobals) = postSolution
		SolutionGuid = {45C3F38E-D6E0-439A-AFB4-E8CFE15D9F0E}
	EndGlobalSection
EndGlobal
